
Microsoft Visual Studio Solution File, Format Version 12.00
# Visual Studio Version 17
VisualStudioVersion = 17.2.32630.192
MinimumVisualStudioVersion = 10.0.40219.1
Project("{FAE04EC0-301F-11D3-BF4B-00C04F79EFBC}") = "SubsidyDemo", "SubsidyDemo\SubsidyDemo.csproj", "{4DE4196E-F9BD-44A9-A510-42F36C7CFFDC}"
EndProject
Global
	GlobalSection(SolutionConfigurationPlatforms) = preSolution
		Debug|Any CPU = Debug|Any CPU
		Release|Any CPU = Release|Any CPU
	EndGlobalSection
	GlobalSection(ProjectConfigurationPlatforms) = postSolution
		{4DE4196E-F9BD-44A9-A510-42F36C7CFFDC}.Debug|Any CPU.ActiveCfg = Debug|Any CPU
		{4DE4196E-F9BD-44A9-A510-42F36C7CFFDC}.Debug|Any CPU.Build.0 = Debug|Any CPU
		{4DE4196E-F9BD-44A9-A510-42F36C7CFFDC}.Release|Any CPU.ActiveCfg = Release|Any CPU
		{4DE4196E-F9BD-44A9-A510-42F36C7CFFDC}.Release|Any CPU.Build.0 = Release|Any CPU
	EndGlobalSection
	GlobalSection(SolutionProperties) = preSolution
		HideSolutionNode = FALSE
	EndGlobalSection
	GlobalSection(ExtensibilityGlobals) = postSolution
		SolutionGuid = {28304C9E-D55F-4C51-A54C-7C6F5D5505BE}
	EndGlobalSection
EndGlobal
